
Microsoft Visual Studio Solution File, Format Version 12.00
# Visual Studio Version 17
VisualStudioVersion = 17.7.34018.315
MinimumVisualStudioVersion = 10.0.40219.1
Project("{9A19103F-16F7-4668-BE54-9A1E7A4F7556}") = "sortering", "sortering.csproj", "{E3E9E987-5EA4-4083-864F-077A001C0E1B}"
EndProject
Global
	GlobalSection(SolutionConfigurationPlatforms) = preSolution
		Debug|Any CPU = Debug|Any CPU
		Release|Any CPU = Release|Any CPU
	EndGlobalSection
	GlobalSection(ProjectConfigurationPlatforms) = postSolution
		{E3E9E987-5EA4-4083-864F-077A001C0E1B}.Debug|Any CPU.ActiveCfg = Debug|Any CPU
		{E3E9E987-5EA4-4083-864F-077A001C0E1B}.Debug|Any CPU.Build.0 = Debug|Any CPU
		{E3E9E987-5EA4-4083-864F-077A001C0E1B}.Release|Any CPU.ActiveCfg = Release|Any CPU
		{E3E9E987-5EA4-4083-864F-077A001C0E1B}.Release|Any CPU.Build.0 = Release|Any CPU
	EndGlobalSection
	GlobalSection(SolutionProperties) = preSolution
		HideSolutionNode = FALSE
	EndGlobalSection
	GlobalSection(ExtensibilityGlobals) = postSolution
		SolutionGuid = {2212A01D-4537-4231-94B7-70B879743E1C}
	EndGlobalSection
EndGlobal
