
Microsoft Visual Studio Solution File, Format Version 12.00
# Visual Studio Version 17
VisualStudioVersion = 17.7.34018.315
MinimumVisualStudioVersion = 10.0.40219.1
Project("{FAE04EC0-301F-11D3-BF4B-00C04F79EFBC}") = "lambda", "lambda\lambda.csproj", "{A9DF2718-5E81-487E-9F40-915585CA3D48}"
EndProject
Global
	GlobalSection(SolutionConfigurationPlatforms) = preSolution
		Debug|Any CPU = Debug|Any CPU
		Release|Any CPU = Release|Any CPU
	EndGlobalSection
	GlobalSection(ProjectConfigurationPlatforms) = postSolution
		{A9DF2718-5E81-487E-9F40-915585CA3D48}.Debug|Any CPU.ActiveCfg = Debug|Any CPU
		{A9DF2718-5E81-487E-9F40-915585CA3D48}.Debug|Any CPU.Build.0 = Debug|Any CPU
		{A9DF2718-5E81-487E-9F40-915585CA3D48}.Release|Any CPU.ActiveCfg = Release|Any CPU
		{A9DF2718-5E81-487E-9F40-915585CA3D48}.Release|Any CPU.Build.0 = Release|Any CPU
	EndGlobalSection
	GlobalSection(SolutionProperties) = preSolution
		HideSolutionNode = FALSE
	EndGlobalSection
	GlobalSection(ExtensibilityGlobals) = postSolution
		SolutionGuid = {9E83808E-292C-4333-9070-3E735F27475A}
	EndGlobalSection
EndGlobal
